# THIS IS AN AUTOGENERATED FILE. DO NOT EDIT THIS FILE DIRECTLY.
# yarn lockfile v1


"@types/node@^14.0.14":
  version "14.17.9"
  resolved "https://registry.yarnpkg.com/@types/node/-/node-14.17.9.tgz#b97c057e6138adb7b720df2bd0264b03c9f504fd"
  integrity sha512-CMjgRNsks27IDwI785YMY0KLt3co/c0cQ5foxHYv/shC2w8oOnVwz5Ubq1QG5KzrcW+AXk6gzdnxIkDnTvzu3g==

"@types/vscode@^1.45.0":
  version "1.58.1"
  resolved "https://registry.yarnpkg.com/@types/vscode/-/vscode-1.58.1.tgz#7deae08792adc73fa57383244a0c79d3530df4f7"
  integrity sha512-sa76rDXiSif09he8KoaWWUQxsuBr2+uND0xn1GUbEODkuEjp2p7Rqd3t5qlvklfmAedLFdL7MdnsPa57uzwcOw==

typescript@3.9.6:
  version "3.9.6"
  resolved "https://registry.yarnpkg.com/typescript/-/typescript-3.9.6.tgz#8f3e0198a34c3ae17091b35571d3afd31999365a"
  integrity sha512-Pspx3oKAPJtjNwE92YS05HQoY7z2SFyOpHo9MqJor3BXAGNaPUs83CuVp9VISFkSjyRfiTpmKuAYGJB7S7hOxw==
